
Microsoft Visual Studio Solution File, Format Version 12.00
# Visual Studio Version 17
VisualStudioVersion = 17.8.34408.163
MinimumVisualStudioVersion = 10.0.40219.1
Project("{FAE04EC0-301F-11D3-BF4B-00C04F79EFBC}") = "ListProduct", "ListProduct\ListProduct.csproj", "{5A7BE6E4-4C99-4443-9FEC-BF6ED96F326A}"
EndProject
Global
	GlobalSection(SolutionConfigurationPlatforms) = preSolution
		Debug|Any CPU = Debug|Any CPU
		Release|Any CPU = Release|Any CPU
	EndGlobalSection
	GlobalSection(ProjectConfigurationPlatforms) = postSolution
		{5A7BE6E4-4C99-4443-9FEC-BF6ED96F326A}.Debug|Any CPU.ActiveCfg = Debug|Any CPU
		{5A7BE6E4-4C99-4443-9FEC-BF6ED96F326A}.Debug|Any CPU.Build.0 = Debug|Any CPU
		{5A7BE6E4-4C99-4443-9FEC-BF6ED96F326A}.Release|Any CPU.ActiveCfg = Release|Any CPU
		{5A7BE6E4-4C99-4443-9FEC-BF6ED96F326A}.Release|Any CPU.Build.0 = Release|Any CPU
	EndGlobalSection
	GlobalSection(SolutionProperties) = preSolution
		HideSolutionNode = FALSE
	EndGlobalSection
	GlobalSection(ExtensibilityGlobals) = postSolution
		SolutionGuid = {8568AF41-651A-418D-B0FB-EA021284AA2D}
	EndGlobalSection
EndGlobal
